
Microsoft Visual Studio Solution File, Format Version 12.00
Project("{FAE04EC0-301F-11D3-BF4B-00C04F79EFBC}") = "APIContagem", "APIContagem\APIContagem.csproj", "{2B556F54-A643-4AF0-AEE2-5BFFE16764ED}"
EndProject
Project("{FAE04EC0-301F-11D3-BF4B-00C04F79EFBC}") = "APIs.Security.JWT", "APIs.Security.JWT\APIs.Security.JWT.csproj", "{C0AD45A1-05E6-4128-A7AE-4C845C4A8946}"
EndProject
Global
	GlobalSection(SolutionConfigurationPlatforms) = preSolution
		Debug|Any CPU = Debug|Any CPU
		Release|Any CPU = Release|Any CPU
	EndGlobalSection
	GlobalSection(ProjectConfigurationPlatforms) = postSolution
		{2B556F54-A643-4AF0-AEE2-5BFFE16764ED}.Debug|Any CPU.ActiveCfg = Debug|Any CPU
		{2B556F54-A643-4AF0-AEE2-5BFFE16764ED}.Debug|Any CPU.Build.0 = Debug|Any CPU
		{2B556F54-A643-4AF0-AEE2-5BFFE16764ED}.Release|Any CPU.ActiveCfg = Release|Any CPU
		{2B556F54-A643-4AF0-AEE2-5BFFE16764ED}.Release|Any CPU.Build.0 = Release|Any CPU
		{C0AD45A1-05E6-4128-A7AE-4C845C4A8946}.Debug|Any CPU.ActiveCfg = Debug|Any CPU
		{C0AD45A1-05E6-4128-A7AE-4C845C4A8946}.Debug|Any CPU.Build.0 = Debug|Any CPU
		{C0AD45A1-05E6-4128-A7AE-4C845C4A8946}.Release|Any CPU.ActiveCfg = Release|Any CPU
		{C0AD45A1-05E6-4128-A7AE-4C845C4A8946}.Release|Any CPU.Build.0 = Release|Any CPU
	EndGlobalSection
EndGlobal
